<Solution>
  <Folder Name="/CakeBuild/">
    <Project Path="CakeBuild/CakeBuild.csproj" />
  </Folder>

  <Folder Name="/Mods/">
    <Project Path="biodiversityCore/bdCore.csproj" />
  </Folder>

  <Folder Name="/Solution Items/">
    <File Path="Directory.Build.props" />
    <File Path="README.md" />
  </Folder>
</Solution>